
Microsoft Visual Studio Solution File, Format Version 12.00
# Visual Studio Version 17
VisualStudioVersion = 17.7.34202.233
MinimumVisualStudioVersion = 10.0.40219.1
Project("{FAE04EC0-301F-11D3-BF4B-00C04F79EFBC}") = "CHOICEAPP.Android", "CHOICEAPP\CHOICEAPP.Android\CHOICEAPP.Android.csproj", "{BFD9969B-2130-4635-BFF6-1A4D67C17B1E}"
EndProject
Project("{FAE04EC0-301F-11D3-BF4B-00C04F79EFBC}") = "CHOICEAPP", "CHOICEAPP\CHOICEAPP\CHOICEAPP.csproj", "{33DD9C9D-9022-4051-834F-F1A947DDA7D0}"
EndProject
Global
	GlobalSection(SolutionConfigurationPlatforms) = preSolution
		Debug|Any CPU = Debug|Any CPU
		Release|Any CPU = Release|Any CPU
	EndGlobalSection
	GlobalSection(ProjectConfigurationPlatforms) = postSolution
		{BFD9969B-2130-4635-BFF6-1A4D67C17B1E}.Debug|Any CPU.ActiveCfg = Debug|Any CPU
		{BFD9969B-2130-4635-BFF6-1A4D67C17B1E}.Debug|Any CPU.Build.0 = Debug|Any CPU
		{BFD9969B-2130-4635-BFF6-1A4D67C17B1E}.Debug|Any CPU.Deploy.0 = Debug|Any CPU
		{BFD9969B-2130-4635-BFF6-1A4D67C17B1E}.Release|Any CPU.ActiveCfg = Release|Any CPU
		{BFD9969B-2130-4635-BFF6-1A4D67C17B1E}.Release|Any CPU.Build.0 = Release|Any CPU
		{BFD9969B-2130-4635-BFF6-1A4D67C17B1E}.Release|Any CPU.Deploy.0 = Release|Any CPU
		{33DD9C9D-9022-4051-834F-F1A947DDA7D0}.Debug|Any CPU.ActiveCfg = Debug|Any CPU
		{33DD9C9D-9022-4051-834F-F1A947DDA7D0}.Debug|Any CPU.Build.0 = Debug|Any CPU
		{33DD9C9D-9022-4051-834F-F1A947DDA7D0}.Debug|Any CPU.Deploy.0 = Debug|Any CPU
		{33DD9C9D-9022-4051-834F-F1A947DDA7D0}.Release|Any CPU.ActiveCfg = Release|Any CPU
		{33DD9C9D-9022-4051-834F-F1A947DDA7D0}.Release|Any CPU.Build.0 = Release|Any CPU
		{33DD9C9D-9022-4051-834F-F1A947DDA7D0}.Release|Any CPU.Deploy.0 = Release|Any CPU
	EndGlobalSection
	GlobalSection(SolutionProperties) = preSolution
		HideSolutionNode = FALSE
	EndGlobalSection
	GlobalSection(ExtensibilityGlobals) = postSolution
		SolutionGuid = {92C5564C-003E-41CF-AB58-F624AF7C96CE}
	EndGlobalSection
EndGlobal
